
Microsoft Visual Studio Solution File, Format Version 12.00
# Visual Studio 15
VisualStudioVersion = 15.0.27703.2035
MinimumVisualStudioVersion = 10.0.40219.1
Project("{FAE04EC0-301F-11D3-BF4B-00C04F79EFBC}") = "App1", "App1\App1.csproj", "{93C98D02-7164-4E91-9398-878BDFB33B00}"
EndProject
Global
	GlobalSection(SolutionConfigurationPlatforms) = preSolution
		Debug|Any CPU = Debug|Any CPU
		Release|Any CPU = Release|Any CPU
	EndGlobalSection
	GlobalSection(ProjectConfigurationPlatforms) = postSolution
		{93C98D02-7164-4E91-9398-878BDFB33B00}.Debug|Any CPU.ActiveCfg = Debug|Any CPU
		{93C98D02-7164-4E91-9398-878BDFB33B00}.Debug|Any CPU.Build.0 = Debug|Any CPU
		{93C98D02-7164-4E91-9398-878BDFB33B00}.Release|Any CPU.ActiveCfg = Release|Any CPU
		{93C98D02-7164-4E91-9398-878BDFB33B00}.Release|Any CPU.Build.0 = Release|Any CPU
	EndGlobalSection
	GlobalSection(SolutionProperties) = preSolution
		HideSolutionNode = FALSE
	EndGlobalSection
	GlobalSection(ExtensibilityGlobals) = postSolution
		SolutionGuid = {DE240D3C-2E4B-40B2-B9EF-C9B41EA24AE6}
	EndGlobalSection
EndGlobal
